
Microsoft Visual Studio Solution File, Format Version 12.00
# Visual Studio 2012
Project("{FAE04EC0-301F-11D3-BF4B-00C04F79EFBC}") = "Messages", "Messages\Messages.csproj", "{AC952F42-1DDA-4020-AD44-A335A2A80F57}"
EndProject
Project("{FAE04EC0-301F-11D3-BF4B-00C04F79EFBC}") = "Shop", "Shop\Shop.csproj", "{A904F109-649F-42CD-86F5-201D1AE65819}"
EndProject
Project("{FAE04EC0-301F-11D3-BF4B-00C04F79EFBC}") = "OrderBackend", "OrderBackend\OrderBackend.csproj", "{7FCD9F8C-227A-4D78-B727-C7E42ADE811F}"
EndProject
Global
	GlobalSection(SolutionConfigurationPlatforms) = preSolution
		Debug|Any CPU = Debug|Any CPU
		Release|Any CPU = Release|Any CPU
	EndGlobalSection
	GlobalSection(ProjectConfigurationPlatforms) = postSolution
		{AC952F42-1DDA-4020-AD44-A335A2A80F57}.Debug|Any CPU.ActiveCfg = Debug|Any CPU
		{AC952F42-1DDA-4020-AD44-A335A2A80F57}.Debug|Any CPU.Build.0 = Debug|Any CPU
		{AC952F42-1DDA-4020-AD44-A335A2A80F57}.Release|Any CPU.ActiveCfg = Release|Any CPU
		{AC952F42-1DDA-4020-AD44-A335A2A80F57}.Release|Any CPU.Build.0 = Release|Any CPU
		{A904F109-649F-42CD-86F5-201D1AE65819}.Debug|Any CPU.ActiveCfg = Debug|Any CPU
		{A904F109-649F-42CD-86F5-201D1AE65819}.Debug|Any CPU.Build.0 = Debug|Any CPU
		{A904F109-649F-42CD-86F5-201D1AE65819}.Release|Any CPU.ActiveCfg = Release|Any CPU
		{A904F109-649F-42CD-86F5-201D1AE65819}.Release|Any CPU.Build.0 = Release|Any CPU
		{7FCD9F8C-227A-4D78-B727-C7E42ADE811F}.Debug|Any CPU.ActiveCfg = Debug|Any CPU
		{7FCD9F8C-227A-4D78-B727-C7E42ADE811F}.Debug|Any CPU.Build.0 = Debug|Any CPU
		{7FCD9F8C-227A-4D78-B727-C7E42ADE811F}.Release|Any CPU.ActiveCfg = Release|Any CPU
		{7FCD9F8C-227A-4D78-B727-C7E42ADE811F}.Release|Any CPU.Build.0 = Release|Any CPU
	EndGlobalSection
	GlobalSection(SolutionProperties) = preSolution
		HideSolutionNode = FALSE
	EndGlobalSection
EndGlobal
